
Microsoft Visual Studio Solution File, Format Version 12.00
# Visual Studio Version 17
VisualStudioVersion = 17.7.34031.279
MinimumVisualStudioVersion = 10.0.40219.1
Project("{8BC9CEB8-8B4A-11D0-8D11-00A0C91BC942}") = "SampleDll", "SampleDll\SampleDll.vcxproj", "{D3F80C3F-835A-4BDE-9637-120ABE46FFD8}"
EndProject
Project("{9A19103F-16F7-4668-BE54-9A1E7A4F7556}") = "ConsoleApp", "ConsoleApp\ConsoleApp.csproj", "{B3B8B227-FBAD-46D3-9B4D-A2E998815846}"
EndProject
Global
	GlobalSection(SolutionConfigurationPlatforms) = preSolution
		Debug|Any CPU = Debug|Any CPU
		Debug|x64 = Debug|x64
		Debug|x86 = Debug|x86
		Release|Any CPU = Release|Any CPU
		Release|x64 = Release|x64
		Release|x86 = Release|x86
	EndGlobalSection
	GlobalSection(ProjectConfigurationPlatforms) = postSolution
		{D3F80C3F-835A-4BDE-9637-120ABE46FFD8}.Debug|Any CPU.ActiveCfg = Debug|x64
		{D3F80C3F-835A-4BDE-9637-120ABE46FFD8}.Debug|Any CPU.Build.0 = Debug|x64
		{D3F80C3F-835A-4BDE-9637-120ABE46FFD8}.Debug|x64.ActiveCfg = Debug|x64
		{D3F80C3F-835A-4BDE-9637-120ABE46FFD8}.Debug|x64.Build.0 = Debug|x64
		{D3F80C3F-835A-4BDE-9637-120ABE46FFD8}.Debug|x86.ActiveCfg = Debug|Win32
		{D3F80C3F-835A-4BDE-9637-120ABE46FFD8}.Debug|x86.Build.0 = Debug|Win32
		{D3F80C3F-835A-4BDE-9637-120ABE46FFD8}.Release|Any CPU.ActiveCfg = Release|x64
		{D3F80C3F-835A-4BDE-9637-120ABE46FFD8}.Release|Any CPU.Build.0 = Release|x64
		{D3F80C3F-835A-4BDE-9637-120ABE46FFD8}.Release|x64.ActiveCfg = Release|x64
		{D3F80C3F-835A-4BDE-9637-120ABE46FFD8}.Release|x64.Build.0 = Release|x64
		{D3F80C3F-835A-4BDE-9637-120ABE46FFD8}.Release|x86.ActiveCfg = Release|Win32
		{D3F80C3F-835A-4BDE-9637-120ABE46FFD8}.Release|x86.Build.0 = Release|Win32
		{B3B8B227-FBAD-46D3-9B4D-A2E998815846}.Debug|Any CPU.ActiveCfg = Debug|Any CPU
		{B3B8B227-FBAD-46D3-9B4D-A2E998815846}.Debug|Any CPU.Build.0 = Debug|Any CPU
		{B3B8B227-FBAD-46D3-9B4D-A2E998815846}.Debug|x64.ActiveCfg = Debug|x64
		{B3B8B227-FBAD-46D3-9B4D-A2E998815846}.Debug|x64.Build.0 = Debug|x64
		{B3B8B227-FBAD-46D3-9B4D-A2E998815846}.Debug|x86.ActiveCfg = Debug|x86
		{B3B8B227-FBAD-46D3-9B4D-A2E998815846}.Debug|x86.Build.0 = Debug|x86
		{B3B8B227-FBAD-46D3-9B4D-A2E998815846}.Release|Any CPU.ActiveCfg = Release|Any CPU
		{B3B8B227-FBAD-46D3-9B4D-A2E998815846}.Release|Any CPU.Build.0 = Release|Any CPU
		{B3B8B227-FBAD-46D3-9B4D-A2E998815846}.Release|x64.ActiveCfg = Release|Any CPU
		{B3B8B227-FBAD-46D3-9B4D-A2E998815846}.Release|x64.Build.0 = Release|Any CPU
		{B3B8B227-FBAD-46D3-9B4D-A2E998815846}.Release|x86.ActiveCfg = Release|Any CPU
		{B3B8B227-FBAD-46D3-9B4D-A2E998815846}.Release|x86.Build.0 = Release|Any CPU
	EndGlobalSection
	GlobalSection(SolutionProperties) = preSolution
		HideSolutionNode = FALSE
	EndGlobalSection
	GlobalSection(ExtensibilityGlobals) = postSolution
		SolutionGuid = {30331101-D9FF-414E-8138-2037013540B9}
	EndGlobalSection
EndGlobal
